
Microsoft Visual Studio Solution File, Format Version 12.00
# Visual Studio 14
VisualStudioVersion = 14.0.25420.1
MinimumVisualStudioVersion = 10.0.40219.1
Project("{FAE04EC0-301F-11D3-BF4B-00C04F79EFBC}") = "MOB.XF.MVVMBasic.Droid", "MOB.XF.MVVMBasic\MOB.XF.MVVMBasic.Droid\MOB.XF.MVVMBasic.Droid.csproj", "{0FF1FDFA-BEB9-4E46-8DBE-B3198BDCFC13}"
EndProject
Project("{FAE04EC0-301F-11D3-BF4B-00C04F79EFBC}") = "MOB.XF.MVVMBasic.iOS", "MOB.XF.MVVMBasic\MOB.XF.MVVMBasic.iOS\MOB.XF.MVVMBasic.iOS.csproj", "{C4180EFA-228B-43B7-84D9-6EE940B00D7B}"
EndProject
Project("{FAE04EC0-301F-11D3-BF4B-00C04F79EFBC}") = "MOB.XF.MVVMBasic.WinPhone", "MOB.XF.MVVMBasic\MOB.XF.MVVMBasic.WinPhone\MOB.XF.MVVMBasic.WinPhone.csproj", "{F78B8F3A-88C1-447A-ADE6-D981F229EAE4}"
EndProject
Project("{FAE04EC0-301F-11D3-BF4B-00C04F79EFBC}") = "MOB.XF.MVVMBasic.UWP", "MOB.XF.MVVMBasic\MOB.XF.MVVMBasic.UWP\MOB.XF.MVVMBasic.UWP.csproj", "{40DC8544-3507-49BE-AF52-9FEBADB0DCAF}"
EndProject
Project("{FAE04EC0-301F-11D3-BF4B-00C04F79EFBC}") = "MOB.XF.MVVMBasic.Windows", "MOB.XF.MVVMBasic\MOB.XF.MVVMBasic.Windows\MOB.XF.MVVMBasic.Windows.csproj", "{F8D1E210-0D04-457D-9ECF-B23CEE9CF997}"
EndProject
Project("{FAE04EC0-301F-11D3-BF4B-00C04F79EFBC}") = "MOB.XF.MVVMBasic", "MOB.XF.MVVMBasic\MOB.XF.MVVMBasic\MOB.XF.MVVMBasic.csproj", "{1AAD8714-E428-4C52-9A54-0E444F95C85B}"
EndProject
Global
	GlobalSection(SolutionConfigurationPlatforms) = preSolution
		Ad-Hoc|Any CPU = Ad-Hoc|Any CPU
		Ad-Hoc|ARM = Ad-Hoc|ARM
		Ad-Hoc|iPhone = Ad-Hoc|iPhone
		Ad-Hoc|iPhoneSimulator = Ad-Hoc|iPhoneSimulator
		Ad-Hoc|x64 = Ad-Hoc|x64
		Ad-Hoc|x86 = Ad-Hoc|x86
		AppStore|Any CPU = AppStore|Any CPU
		AppStore|ARM = AppStore|ARM
		AppStore|iPhone = AppStore|iPhone
		AppStore|iPhoneSimulator = AppStore|iPhoneSimulator
		AppStore|x64 = AppStore|x64
		AppStore|x86 = AppStore|x86
		Debug|Any CPU = Debug|Any CPU
		Debug|ARM = Debug|ARM
		Debug|iPhone = Debug|iPhone
		Debug|iPhoneSimulator = Debug|iPhoneSimulator
		Debug|x64 = Debug|x64
		Debug|x86 = Debug|x86
		Release|Any CPU = Release|Any CPU
		Release|ARM = Release|ARM
		Release|iPhone = Release|iPhone
		Release|iPhoneSimulator = Release|iPhoneSimulator
		Release|x64 = Release|x64
		Release|x86 = Release|x86
	EndGlobalSection
	GlobalSection(ProjectConfigurationPlatforms) = postSolution
		{0FF1FDFA-BEB9-4E46-8DBE-B3198BDCFC13}.Ad-Hoc|Any CPU.ActiveCfg = Release|Any CPU
		{0FF1FDFA-BEB9-4E46-8DBE-B3198BDCFC13}.Ad-Hoc|Any CPU.Build.0 = Release|Any CPU
		{0FF1FDFA-BEB9-4E46-8DBE-B3198BDCFC13}.Ad-Hoc|Any CPU.Deploy.0 = Release|Any CPU
		{0FF1FDFA-BEB9-4E46-8DBE-B3198BDCFC13}.Ad-Hoc|ARM.ActiveCfg = Release|Any CPU
		{0FF1FDFA-BEB9-4E46-8DBE-B3198BDCFC13}.Ad-Hoc|ARM.Build.0 = Release|Any CPU
		{0FF1FDFA-BEB9-4E46-8DBE-B3198BDCFC13}.Ad-Hoc|ARM.Deploy.0 = Release|Any CPU
		{0FF1FDFA-BEB9-4E46-8DBE-B3198BDCFC13}.Ad-Hoc|iPhone.ActiveCfg = Release|Any CPU
		{0FF1FDFA-BEB9-4E46-8DBE-B3198BDCFC13}.Ad-Hoc|iPhone.Build.0 = Release|Any CPU
		{0FF1FDFA-BEB9-4E46-8DBE-B3198BDCFC13}.Ad-Hoc|iPhone.Deploy.0 = Release|Any CPU
		{0FF1FDFA-BEB9-4E46-8DBE-B3198BDCFC13}.Ad-Hoc|iPhoneSimulator.ActiveCfg = Release|Any CPU
		{0FF1FDFA-BEB9-4E46-8DBE-B3198BDCFC13}.Ad-Hoc|iPhoneSimulator.Build.0 = Release|Any CPU
		{0FF1FDFA-BEB9-4E46-8DBE-B3198BDCFC13}.Ad-Hoc|iPhoneSimulator.Deploy.0 = Release|Any CPU
		{0FF1FDFA-BEB9-4E46-8DBE-B3198BDCFC13}.Ad-Hoc|x64.ActiveCfg = Release|Any CPU
		{0FF1FDFA-BEB9-4E46-8DBE-B3198BDCFC13}.Ad-Hoc|x64.Build.0 = Release|Any CPU
		{0FF1FDFA-BEB9-4E46-8DBE-B3198BDCFC13}.Ad-Hoc|x64.Deploy.0 = Release|Any CPU
		{0FF1FDFA-BEB9-4E46-8DBE-B3198BDCFC13}.Ad-Hoc|x86.ActiveCfg = Release|Any CPU
		{0FF1FDFA-BEB9-4E46-8DBE-B3198BDCFC13}.Ad-Hoc|x86.Build.0 = Release|Any CPU
		{0FF1FDFA-BEB9-4E46-8DBE-B3198BDCFC13}.Ad-Hoc|x86.Deploy.0 = Release|Any CPU
		{0FF1FDFA-BEB9-4E46-8DBE-B3198BDCFC13}.AppStore|Any CPU.ActiveCfg = Release|Any CPU
		{0FF1FDFA-BEB9-4E46-8DBE-B3198BDCFC13}.AppStore|Any CPU.Build.0 = Release|Any CPU
		{0FF1FDFA-BEB9-4E46-8DBE-B3198BDCFC13}.AppStore|Any CPU.Deploy.0 = Release|Any CPU
		{0FF1FDFA-BEB9-4E46-8DBE-B3198BDCFC13}.AppStore|ARM.ActiveCfg = Release|Any CPU
		{0FF1FDFA-BEB9-4E46-8DBE-B3198BDCFC13}.AppStore|ARM.Build.0 = Release|Any CPU
		{0FF1FDFA-BEB9-4E46-8DBE-B3198BDCFC13}.AppStore|ARM.Deploy.0 = Release|Any CPU
		{0FF1FDFA-BEB9-4E46-8DBE-B3198BDCFC13}.AppStore|iPhone.ActiveCfg = Release|Any CPU
		{0FF1FDFA-BEB9-4E46-8DBE-B3198BDCFC13}.AppStore|iPhone.Build.0 = Release|Any CPU
		{0FF1FDFA-BEB9-4E46-8DBE-B3198BDCFC13}.AppStore|iPhone.Deploy.0 = Release|Any CPU
		{0FF1FDFA-BEB9-4E46-8DBE-B3198BDCFC13}.AppStore|iPhoneSimulator.ActiveCfg = Release|Any CPU
		{0FF1FDFA-BEB9-4E46-8DBE-B3198BDCFC13}.AppStore|iPhoneSimulator.Build.0 = Release|Any CPU
		{0FF1FDFA-BEB9-4E46-8DBE-B3198BDCFC13}.AppStore|iPhoneSimulator.Deploy.0 = Release|Any CPU
		{0FF1FDFA-BEB9-4E46-8DBE-B3198BDCFC13}.AppStore|x64.ActiveCfg = Release|Any CPU
		{0FF1FDFA-BEB9-4E46-8DBE-B3198BDCFC13}.AppStore|x64.Build.0 = Release|Any CPU
		{0FF1FDFA-BEB9-4E46-8DBE-B3198BDCFC13}.AppStore|x64.Deploy.0 = Release|Any CPU
		{0FF1FDFA-BEB9-4E46-8DBE-B3198BDCFC13}.AppStore|x86.ActiveCfg = Release|Any CPU
		{0FF1FDFA-BEB9-4E46-8DBE-B3198BDCFC13}.AppStore|x86.Build.0 = Release|Any CPU
		{0FF1FDFA-BEB9-4E46-8DBE-B3198BDCFC13}.AppStore|x86.Deploy.0 = Release|Any CPU
		{0FF1FDFA-BEB9-4E46-8DBE-B3198BDCFC13}.Debug|Any CPU.ActiveCfg = Debug|Any CPU
		{0FF1FDFA-BEB9-4E46-8DBE-B3198BDCFC13}.Debug|Any CPU.Build.0 = Debug|Any CPU
		{0FF1FDFA-BEB9-4E46-8DBE-B3198BDCFC13}.Debug|Any CPU.Deploy.0 = Debug|Any CPU
		{0FF1FDFA-BEB9-4E46-8DBE-B3198BDCFC13}.Debug|ARM.ActiveCfg = Debug|Any CPU
		{0FF1FDFA-BEB9-4E46-8DBE-B3198BDCFC13}.Debug|ARM.Build.0 = Debug|Any CPU
		{0FF1FDFA-BEB9-4E46-8DBE-B3198BDCFC13}.Debug|ARM.Deploy.0 = Debug|Any CPU
		{0FF1FDFA-BEB9-4E46-8DBE-B3198BDCFC13}.Debug|iPhone.ActiveCfg = Debug|Any CPU
		{0FF1FDFA-BEB9-4E46-8DBE-B3198BDCFC13}.Debug|iPhone.Build.0 = Debug|Any CPU
		{0FF1FDFA-BEB9-4E46-8DBE-B3198BDCFC13}.Debug|iPhone.Deploy.0 = Debug|Any CPU
		{0FF1FDFA-BEB9-4E46-8DBE-B3198BDCFC13}.Debug|iPhoneSimulator.ActiveCfg = Debug|Any CPU
		{0FF1FDFA-BEB9-4E46-8DBE-B3198BDCFC13}.Debug|iPhoneSimulator.Build.0 = Debug|Any CPU
		{0FF1FDFA-BEB9-4E46-8DBE-B3198BDCFC13}.Debug|iPhoneSimulator.Deploy.0 = Debug|Any CPU
		{0FF1FDFA-BEB9-4E46-8DBE-B3198BDCFC13}.Debug|x64.ActiveCfg = Debug|Any CPU
		{0FF1FDFA-BEB9-4E46-8DBE-B3198BDCFC13}.Debug|x64.Build.0 = Debug|Any CPU
		{0FF1FDFA-BEB9-4E46-8DBE-B3198BDCFC13}.Debug|x64.Deploy.0 = Debug|Any CPU
		{0FF1FDFA-BEB9-4E46-8DBE-B3198BDCFC13}.Debug|x86.ActiveCfg = Debug|Any CPU
		{0FF1FDFA-BEB9-4E46-8DBE-B3198BDCFC13}.Debug|x86.Build.0 = Debug|Any CPU
		{0FF1FDFA-BEB9-4E46-8DBE-B3198BDCFC13}.Debug|x86.Deploy.0 = Debug|Any CPU
		{0FF1FDFA-BEB9-4E46-8DBE-B3198BDCFC13}.Release|Any CPU.ActiveCfg = Release|Any CPU
		{0FF1FDFA-BEB9-4E46-8DBE-B3198BDCFC13}.Release|Any CPU.Build.0 = Release|Any CPU
		{0FF1FDFA-BEB9-4E46-8DBE-B3198BDCFC13}.Release|Any CPU.Deploy.0 = Release|Any CPU
		{0FF1FDFA-BEB9-4E46-8DBE-B3198BDCFC13}.Release|ARM.ActiveCfg = Release|Any CPU
		{0FF1FDFA-BEB9-4E46-8DBE-B3198BDCFC13}.Release|ARM.Build.0 = Release|Any CPU
		{0FF1FDFA-BEB9-4E46-8DBE-B3198BDCFC13}.Release|ARM.Deploy.0 = Release|Any CPU
		{0FF1FDFA-BEB9-4E46-8DBE-B3198BDCFC13}.Release|iPhone.ActiveCfg = Release|Any CPU
		{0FF1FDFA-BEB9-4E46-8DBE-B3198BDCFC13}.Release|iPhone.Build.0 = Release|Any CPU
		{0FF1FDFA-BEB9-4E46-8DBE-B3198BDCFC13}.Release|iPhone.Deploy.0 = Release|Any CPU
		{0FF1FDFA-BEB9-4E46-8DBE-B3198BDCFC13}.Release|iPhoneSimulator.ActiveCfg = Release|Any CPU
		{0FF1FDFA-BEB9-4E46-8DBE-B3198BDCFC13}.Release|iPhoneSimulator.Build.0 = Release|Any CPU
		{0FF1FDFA-BEB9-4E46-8DBE-B3198BDCFC13}.Release|iPhoneSimulator.Deploy.0 = Release|Any CPU
		{0FF1FDFA-BEB9-4E46-8DBE-B3198BDCFC13}.Release|x64.ActiveCfg = Release|Any CPU
		{0FF1FDFA-BEB9-4E46-8DBE-B3198BDCFC13}.Release|x64.Build.0 = Release|Any CPU
		{0FF1FDFA-BEB9-4E46-8DBE-B3198BDCFC13}.Release|x64.Deploy.0 = Release|Any CPU
		{0FF1FDFA-BEB9-4E46-8DBE-B3198BDCFC13}.Release|x86.ActiveCfg = Release|Any CPU
		{0FF1FDFA-BEB9-4E46-8DBE-B3198BDCFC13}.Release|x86.Build.0 = Release|Any CPU
		{0FF1FDFA-BEB9-4E46-8DBE-B3198BDCFC13}.Release|x86.Deploy.0 = Release|Any CPU
		{C4180EFA-228B-43B7-84D9-6EE940B00D7B}.Ad-Hoc|Any CPU.ActiveCfg = Ad-Hoc|iPhone
		{C4180EFA-228B-43B7-84D9-6EE940B00D7B}.Ad-Hoc|ARM.ActiveCfg = Ad-Hoc|iPhone
		{C4180EFA-228B-43B7-84D9-6EE940B00D7B}.Ad-Hoc|iPhone.ActiveCfg = Ad-Hoc|iPhone
		{C4180EFA-228B-43B7-84D9-6EE940B00D7B}.Ad-Hoc|iPhone.Build.0 = Ad-Hoc|iPhone
		{C4180EFA-228B-43B7-84D9-6EE940B00D7B}.Ad-Hoc|iPhoneSimulator.ActiveCfg = Ad-Hoc|iPhoneSimulator
		{C4180EFA-228B-43B7-84D9-6EE940B00D7B}.Ad-Hoc|iPhoneSimulator.Build.0 = Ad-Hoc|iPhoneSimulator
		{C4180EFA-228B-43B7-84D9-6EE940B00D7B}.Ad-Hoc|x64.ActiveCfg = Ad-Hoc|iPhone
		{C4180EFA-228B-43B7-84D9-6EE940B00D7B}.Ad-Hoc|x86.ActiveCfg = Ad-Hoc|iPhone
		{C4180EFA-228B-43B7-84D9-6EE940B00D7B}.AppStore|Any CPU.ActiveCfg = AppStore|iPhone
		{C4180EFA-228B-43B7-84D9-6EE940B00D7B}.AppStore|ARM.ActiveCfg = AppStore|iPhone
		{C4180EFA-228B-43B7-84D9-6EE940B00D7B}.AppStore|iPhone.ActiveCfg = AppStore|iPhone
		{C4180EFA-228B-43B7-84D9-6EE940B00D7B}.AppStore|iPhone.Build.0 = AppStore|iPhone
		{C4180EFA-228B-43B7-84D9-6EE940B00D7B}.AppStore|iPhoneSimulator.ActiveCfg = AppStore|iPhoneSimulator
		{C4180EFA-228B-43B7-84D9-6EE940B00D7B}.AppStore|iPhoneSimulator.Build.0 = AppStore|iPhoneSimulator
		{C4180EFA-228B-43B7-84D9-6EE940B00D7B}.AppStore|x64.ActiveCfg = AppStore|iPhone
		{C4180EFA-228B-43B7-84D9-6EE940B00D7B}.AppStore|x86.ActiveCfg = AppStore|iPhone
		{C4180EFA-228B-43B7-84D9-6EE940B00D7B}.Debug|Any CPU.ActiveCfg = Debug|iPhone
		{C4180EFA-228B-43B7-84D9-6EE940B00D7B}.Debug|ARM.ActiveCfg = Debug|iPhone
		{C4180EFA-228B-43B7-84D9-6EE940B00D7B}.Debug|iPhone.ActiveCfg = Debug|iPhone
		{C4180EFA-228B-43B7-84D9-6EE940B00D7B}.Debug|iPhone.Build.0 = Debug|iPhone
		{C4180EFA-228B-43B7-84D9-6EE940B00D7B}.Debug|iPhoneSimulator.ActiveCfg = Debug|iPhoneSimulator
		{C4180EFA-228B-43B7-84D9-6EE940B00D7B}.Debug|iPhoneSimulator.Build.0 = Debug|iPhoneSimulator
		{C4180EFA-228B-43B7-84D9-6EE940B00D7B}.Debug|x64.ActiveCfg = Debug|iPhone
		{C4180EFA-228B-43B7-84D9-6EE940B00D7B}.Debug|x86.ActiveCfg = Debug|iPhone
		{C4180EFA-228B-43B7-84D9-6EE940B00D7B}.Release|Any CPU.ActiveCfg = Release|iPhone
		{C4180EFA-228B-43B7-84D9-6EE940B00D7B}.Release|ARM.ActiveCfg = Release|iPhone
		{C4180EFA-228B-43B7-84D9-6EE940B00D7B}.Release|iPhone.ActiveCfg = Release|iPhone
		{C4180EFA-228B-43B7-84D9-6EE940B00D7B}.Release|iPhone.Build.0 = Release|iPhone
		{C4180EFA-228B-43B7-84D9-6EE940B00D7B}.Release|iPhoneSimulator.ActiveCfg = Release|iPhoneSimulator
		{C4180EFA-228B-43B7-84D9-6EE940B00D7B}.Release|iPhoneSimulator.Build.0 = Release|iPhoneSimulator
		{C4180EFA-228B-43B7-84D9-6EE940B00D7B}.Release|x64.ActiveCfg = Release|iPhone
		{C4180EFA-228B-43B7-84D9-6EE940B00D7B}.Release|x86.ActiveCfg = Release|iPhone
		{F78B8F3A-88C1-447A-ADE6-D981F229EAE4}.Ad-Hoc|Any CPU.ActiveCfg = Release|Any CPU
		{F78B8F3A-88C1-447A-ADE6-D981F229EAE4}.Ad-Hoc|Any CPU.Build.0 = Release|Any CPU
		{F78B8F3A-88C1-447A-ADE6-D981F229EAE4}.Ad-Hoc|Any CPU.Deploy.0 = Release|Any CPU
		{F78B8F3A-88C1-447A-ADE6-D981F229EAE4}.Ad-Hoc|ARM.ActiveCfg = Release|ARM
		{F78B8F3A-88C1-447A-ADE6-D981F229EAE4}.Ad-Hoc|ARM.Build.0 = Release|ARM
		{F78B8F3A-88C1-447A-ADE6-D981F229EAE4}.Ad-Hoc|ARM.Deploy.0 = Release|ARM
		{F78B8F3A-88C1-447A-ADE6-D981F229EAE4}.Ad-Hoc|iPhone.ActiveCfg = Release|Any CPU
		{F78B8F3A-88C1-447A-ADE6-D981F229EAE4}.Ad-Hoc|iPhone.Build.0 = Release|Any CPU
		{F78B8F3A-88C1-447A-ADE6-D981F229EAE4}.Ad-Hoc|iPhone.Deploy.0 = Release|Any CPU
		{F78B8F3A-88C1-447A-ADE6-D981F229EAE4}.Ad-Hoc|iPhoneSimulator.ActiveCfg = Release|Any CPU
		{F78B8F3A-88C1-447A-ADE6-D981F229EAE4}.Ad-Hoc|iPhoneSimulator.Build.0 = Release|Any CPU
		{F78B8F3A-88C1-447A-ADE6-D981F229EAE4}.Ad-Hoc|iPhoneSimulator.Deploy.0 = Release|Any CPU
		{F78B8F3A-88C1-447A-ADE6-D981F229EAE4}.Ad-Hoc|x64.ActiveCfg = Release|Any CPU
		{F78B8F3A-88C1-447A-ADE6-D981F229EAE4}.Ad-Hoc|x64.Build.0 = Release|Any CPU
		{F78B8F3A-88C1-447A-ADE6-D981F229EAE4}.Ad-Hoc|x64.Deploy.0 = Release|Any CPU
		{F78B8F3A-88C1-447A-ADE6-D981F229EAE4}.Ad-Hoc|x86.ActiveCfg = Release|x86
		{F78B8F3A-88C1-447A-ADE6-D981F229EAE4}.Ad-Hoc|x86.Build.0 = Release|x86
		{F78B8F3A-88C1-447A-ADE6-D981F229EAE4}.Ad-Hoc|x86.Deploy.0 = Release|x86
		{F78B8F3A-88C1-447A-ADE6-D981F229EAE4}.AppStore|Any CPU.ActiveCfg = Release|Any CPU
		{F78B8F3A-88C1-447A-ADE6-D981F229EAE4}.AppStore|Any CPU.Build.0 = Release|Any CPU
		{F78B8F3A-88C1-447A-ADE6-D981F229EAE4}.AppStore|Any CPU.Deploy.0 = Release|Any CPU
		{F78B8F3A-88C1-447A-ADE6-D981F229EAE4}.AppStore|ARM.ActiveCfg = Release|ARM
		{F78B8F3A-88C1-447A-ADE6-D981F229EAE4}.AppStore|ARM.Build.0 = Release|ARM
		{F78B8F3A-88C1-447A-ADE6-D981F229EAE4}.AppStore|ARM.Deploy.0 = Release|ARM
		{F78B8F3A-88C1-447A-ADE6-D981F229EAE4}.AppStore|iPhone.ActiveCfg = Release|Any CPU
		{F78B8F3A-88C1-447A-ADE6-D981F229EAE4}.AppStore|iPhone.Build.0 = Release|Any CPU
		{F78B8F3A-88C1-447A-ADE6-D981F229EAE4}.AppStore|iPhone.Deploy.0 = Release|Any CPU
		{F78B8F3A-88C1-447A-ADE6-D981F229EAE4}.AppStore|iPhoneSimulator.ActiveCfg = Release|Any CPU
		{F78B8F3A-88C1-447A-ADE6-D981F229EAE4}.AppStore|iPhoneSimulator.Build.0 = Release|Any CPU
		{F78B8F3A-88C1-447A-ADE6-D981F229EAE4}.AppStore|iPhoneSimulator.Deploy.0 = Release|Any CPU
		{F78B8F3A-88C1-447A-ADE6-D981F229EAE4}.AppStore|x64.ActiveCfg = Release|Any CPU
		{F78B8F3A-88C1-447A-ADE6-D981F229EAE4}.AppStore|x64.Build.0 = Release|Any CPU
		{F78B8F3A-88C1-447A-ADE6-D981F229EAE4}.AppStore|x64.Deploy.0 = Release|Any CPU
		{F78B8F3A-88C1-447A-ADE6-D981F229EAE4}.AppStore|x86.ActiveCfg = Release|x86
		{F78B8F3A-88C1-447A-ADE6-D981F229EAE4}.AppStore|x86.Build.0 = Release|x86
		{F78B8F3A-88C1-447A-ADE6-D981F229EAE4}.AppStore|x86.Deploy.0 = Release|x86
		{F78B8F3A-88C1-447A-ADE6-D981F229EAE4}.Debug|Any CPU.ActiveCfg = Debug|Any CPU
		{F78B8F3A-88C1-447A-ADE6-D981F229EAE4}.Debug|Any CPU.Build.0 = Debug|Any CPU
		{F78B8F3A-88C1-447A-ADE6-D981F229EAE4}.Debug|Any CPU.Deploy.0 = Debug|Any CPU
		{F78B8F3A-88C1-447A-ADE6-D981F229EAE4}.Debug|ARM.ActiveCfg = Debug|ARM
		{F78B8F3A-88C1-447A-ADE6-D981F229EAE4}.Debug|ARM.Build.0 = Debug|ARM
		{F78B8F3A-88C1-447A-ADE6-D981F229EAE4}.Debug|ARM.Deploy.0 = Debug|ARM
		{F78B8F3A-88C1-447A-ADE6-D981F229EAE4}.Debug|iPhone.ActiveCfg = Debug|Any CPU
		{F78B8F3A-88C1-447A-ADE6-D981F229EAE4}.Debug|iPhone.Build.0 = Debug|Any CPU
		{F78B8F3A-88C1-447A-ADE6-D981F229EAE4}.Debug|iPhone.Deploy.0 = Debug|Any CPU
		{F78B8F3A-88C1-447A-ADE6-D981F229EAE4}.Debug|iPhoneSimulator.ActiveCfg = Debug|Any CPU
		{F78B8F3A-88C1-447A-ADE6-D981F229EAE4}.Debug|iPhoneSimulator.Build.0 = Debug|Any CPU
		{F78B8F3A-88C1-447A-ADE6-D981F229EAE4}.Debug|iPhoneSimulator.Deploy.0 = Debug|Any CPU
		{F78B8F3A-88C1-447A-ADE6-D981F229EAE4}.Debug|x64.ActiveCfg = Debug|Any CPU
		{F78B8F3A-88C1-447A-ADE6-D981F229EAE4}.Debug|x64.Build.0 = Debug|Any CPU
		{F78B8F3A-88C1-447A-ADE6-D981F229EAE4}.Debug|x64.Deploy.0 = Debug|Any CPU
		{F78B8F3A-88C1-447A-ADE6-D981F229EAE4}.Debug|x86.ActiveCfg = Debug|x86
		{F78B8F3A-88C1-447A-ADE6-D981F229EAE4}.Debug|x86.Build.0 = Debug|x86
		{F78B8F3A-88C1-447A-ADE6-D981F229EAE4}.Debug|x86.Deploy.0 = Debug|x86
		{F78B8F3A-88C1-447A-ADE6-D981F229EAE4}.Release|Any CPU.ActiveCfg = Release|Any CPU
		{F78B8F3A-88C1-447A-ADE6-D981F229EAE4}.Release|Any CPU.Build.0 = Release|Any CPU
		{F78B8F3A-88C1-447A-ADE6-D981F229EAE4}.Release|Any CPU.Deploy.0 = Release|Any CPU
		{F78B8F3A-88C1-447A-ADE6-D981F229EAE4}.Release|ARM.ActiveCfg = Release|ARM
		{F78B8F3A-88C1-447A-ADE6-D981F229EAE4}.Release|ARM.Build.0 = Release|ARM
		{F78B8F3A-88C1-447A-ADE6-D981F229EAE4}.Release|ARM.Deploy.0 = Release|ARM
		{F78B8F3A-88C1-447A-ADE6-D981F229EAE4}.Release|iPhone.ActiveCfg = Release|Any CPU
		{F78B8F3A-88C1-447A-ADE6-D981F229EAE4}.Release|iPhone.Build.0 = Release|Any CPU
		{F78B8F3A-88C1-447A-ADE6-D981F229EAE4}.Release|iPhone.Deploy.0 = Release|Any CPU
		{F78B8F3A-88C1-447A-ADE6-D981F229EAE4}.Release|iPhoneSimulator.ActiveCfg = Release|Any CPU
		{F78B8F3A-88C1-447A-ADE6-D981F229EAE4}.Release|iPhoneSimulator.Build.0 = Release|Any CPU
		{F78B8F3A-88C1-447A-ADE6-D981F229EAE4}.Release|iPhoneSimulator.Deploy.0 = Release|Any CPU
		{F78B8F3A-88C1-447A-ADE6-D981F229EAE4}.Release|x64.ActiveCfg = Release|Any CPU
		{F78B8F3A-88C1-447A-ADE6-D981F229EAE4}.Release|x64.Build.0 = Release|Any CPU
		{F78B8F3A-88C1-447A-ADE6-D981F229EAE4}.Release|x64.Deploy.0 = Release|Any CPU
		{F78B8F3A-88C1-447A-ADE6-D981F229EAE4}.Release|x86.ActiveCfg = Release|x86
		{F78B8F3A-88C1-447A-ADE6-D981F229EAE4}.Release|x86.Build.0 = Release|x86
		{F78B8F3A-88C1-447A-ADE6-D981F229EAE4}.Release|x86.Deploy.0 = Release|x86
		{40DC8544-3507-49BE-AF52-9FEBADB0DCAF}.Ad-Hoc|Any CPU.ActiveCfg = Release|x86
		{40DC8544-3507-49BE-AF52-9FEBADB0DCAF}.Ad-Hoc|Any CPU.Build.0 = Release|x86
		{40DC8544-3507-49BE-AF52-9FEBADB0DCAF}.Ad-Hoc|Any CPU.Deploy.0 = Release|x86
		{40DC8544-3507-49BE-AF52-9FEBADB0DCAF}.Ad-Hoc|ARM.ActiveCfg = Release|ARM
		{40DC8544-3507-49BE-AF52-9FEBADB0DCAF}.Ad-Hoc|ARM.Build.0 = Release|ARM
		{40DC8544-3507-49BE-AF52-9FEBADB0DCAF}.Ad-Hoc|ARM.Deploy.0 = Release|ARM
		{40DC8544-3507-49BE-AF52-9FEBADB0DCAF}.Ad-Hoc|iPhone.ActiveCfg = Release|x86
		{40DC8544-3507-49BE-AF52-9FEBADB0DCAF}.Ad-Hoc|iPhone.Build.0 = Release|x86
		{40DC8544-3507-49BE-AF52-9FEBADB0DCAF}.Ad-Hoc|iPhone.Deploy.0 = Release|x86
		{40DC8544-3507-49BE-AF52-9FEBADB0DCAF}.Ad-Hoc|iPhoneSimulator.ActiveCfg = Release|x86
		{40DC8544-3507-49BE-AF52-9FEBADB0DCAF}.Ad-Hoc|iPhoneSimulator.Build.0 = Release|x86
		{40DC8544-3507-49BE-AF52-9FEBADB0DCAF}.Ad-Hoc|iPhoneSimulator.Deploy.0 = Release|x86
		{40DC8544-3507-49BE-AF52-9FEBADB0DCAF}.Ad-Hoc|x64.ActiveCfg = Release|x64
		{40DC8544-3507-49BE-AF52-9FEBADB0DCAF}.Ad-Hoc|x64.Build.0 = Release|x64
		{40DC8544-3507-49BE-AF52-9FEBADB0DCAF}.Ad-Hoc|x64.Deploy.0 = Release|x64
		{40DC8544-3507-49BE-AF52-9FEBADB0DCAF}.Ad-Hoc|x86.ActiveCfg = Release|x86
		{40DC8544-3507-49BE-AF52-9FEBADB0DCAF}.Ad-Hoc|x86.Build.0 = Release|x86
		{40DC8544-3507-49BE-AF52-9FEBADB0DCAF}.Ad-Hoc|x86.Deploy.0 = Release|x86
		{40DC8544-3507-49BE-AF52-9FEBADB0DCAF}.AppStore|Any CPU.ActiveCfg = Release|x86
		{40DC8544-3507-49BE-AF52-9FEBADB0DCAF}.AppStore|Any CPU.Build.0 = Release|x86
		{40DC8544-3507-49BE-AF52-9FEBADB0DCAF}.AppStore|Any CPU.Deploy.0 = Release|x86
		{40DC8544-3507-49BE-AF52-9FEBADB0DCAF}.AppStore|ARM.ActiveCfg = Release|ARM
		{40DC8544-3507-49BE-AF52-9FEBADB0DCAF}.AppStore|ARM.Build.0 = Release|ARM
		{40DC8544-3507-49BE-AF52-9FEBADB0DCAF}.AppStore|ARM.Deploy.0 = Release|ARM
		{40DC8544-3507-49BE-AF52-9FEBADB0DCAF}.AppStore|iPhone.ActiveCfg = Release|x86
		{40DC8544-3507-49BE-AF52-9FEBADB0DCAF}.AppStore|iPhone.Build.0 = Release|x86
		{40DC8544-3507-49BE-AF52-9FEBADB0DCAF}.AppStore|iPhone.Deploy.0 = Release|x86
		{40DC8544-3507-49BE-AF52-9FEBADB0DCAF}.AppStore|iPhoneSimulator.ActiveCfg = Release|x86
		{40DC8544-3507-49BE-AF52-9FEBADB0DCAF}.AppStore|iPhoneSimulator.Build.0 = Release|x86
		{40DC8544-3507-49BE-AF52-9FEBADB0DCAF}.AppStore|iPhoneSimulator.Deploy.0 = Release|x86
		{40DC8544-3507-49BE-AF52-9FEBADB0DCAF}.AppStore|x64.ActiveCfg = Release|x64
		{40DC8544-3507-49BE-AF52-9FEBADB0DCAF}.AppStore|x64.Build.0 = Release|x64
		{40DC8544-3507-49BE-AF52-9FEBADB0DCAF}.AppStore|x64.Deploy.0 = Release|x64
		{40DC8544-3507-49BE-AF52-9FEBADB0DCAF}.AppStore|x86.ActiveCfg = Release|x86
		{40DC8544-3507-49BE-AF52-9FEBADB0DCAF}.AppStore|x86.Build.0 = Release|x86
		{40DC8544-3507-49BE-AF52-9FEBADB0DCAF}.AppStore|x86.Deploy.0 = Release|x86
		{40DC8544-3507-49BE-AF52-9FEBADB0DCAF}.Debug|Any CPU.ActiveCfg = Debug|x86
		{40DC8544-3507-49BE-AF52-9FEBADB0DCAF}.Debug|ARM.ActiveCfg = Debug|ARM
		{40DC8544-3507-49BE-AF52-9FEBADB0DCAF}.Debug|ARM.Build.0 = Debug|ARM
		{40DC8544-3507-49BE-AF52-9FEBADB0DCAF}.Debug|ARM.Deploy.0 = Debug|ARM
		{40DC8544-3507-49BE-AF52-9FEBADB0DCAF}.Debug|iPhone.ActiveCfg = Debug|x86
		{40DC8544-3507-49BE-AF52-9FEBADB0DCAF}.Debug|iPhoneSimulator.ActiveCfg = Debug|x86
		{40DC8544-3507-49BE-AF52-9FEBADB0DCAF}.Debug|x64.ActiveCfg = Debug|x64
		{40DC8544-3507-49BE-AF52-9FEBADB0DCAF}.Debug|x64.Build.0 = Debug|x64
		{40DC8544-3507-49BE-AF52-9FEBADB0DCAF}.Debug|x64.Deploy.0 = Debug|x64
		{40DC8544-3507-49BE-AF52-9FEBADB0DCAF}.Debug|x86.ActiveCfg = Debug|x86
		{40DC8544-3507-49BE-AF52-9FEBADB0DCAF}.Debug|x86.Build.0 = Debug|x86
		{40DC8544-3507-49BE-AF52-9FEBADB0DCAF}.Debug|x86.Deploy.0 = Debug|x86
		{40DC8544-3507-49BE-AF52-9FEBADB0DCAF}.Release|Any CPU.ActiveCfg = Release|x86
		{40DC8544-3507-49BE-AF52-9FEBADB0DCAF}.Release|ARM.ActiveCfg = Release|ARM
		{40DC8544-3507-49BE-AF52-9FEBADB0DCAF}.Release|ARM.Build.0 = Release|ARM
		{40DC8544-3507-49BE-AF52-9FEBADB0DCAF}.Release|ARM.Deploy.0 = Release|ARM
		{40DC8544-3507-49BE-AF52-9FEBADB0DCAF}.Release|iPhone.ActiveCfg = Release|x86
		{40DC8544-3507-49BE-AF52-9FEBADB0DCAF}.Release|iPhoneSimulator.ActiveCfg = Release|x86
		{40DC8544-3507-49BE-AF52-9FEBADB0DCAF}.Release|x64.ActiveCfg = Release|x64
		{40DC8544-3507-49BE-AF52-9FEBADB0DCAF}.Release|x64.Build.0 = Release|x64
		{40DC8544-3507-49BE-AF52-9FEBADB0DCAF}.Release|x64.Deploy.0 = Release|x64
		{40DC8544-3507-49BE-AF52-9FEBADB0DCAF}.Release|x86.ActiveCfg = Release|x86
		{40DC8544-3507-49BE-AF52-9FEBADB0DCAF}.Release|x86.Build.0 = Release|x86
		{40DC8544-3507-49BE-AF52-9FEBADB0DCAF}.Release|x86.Deploy.0 = Release|x86
		{F8D1E210-0D04-457D-9ECF-B23CEE9CF997}.Ad-Hoc|Any CPU.ActiveCfg = Release|Any CPU
		{F8D1E210-0D04-457D-9ECF-B23CEE9CF997}.Ad-Hoc|Any CPU.Build.0 = Release|Any CPU
		{F8D1E210-0D04-457D-9ECF-B23CEE9CF997}.Ad-Hoc|Any CPU.Deploy.0 = Release|Any CPU
		{F8D1E210-0D04-457D-9ECF-B23CEE9CF997}.Ad-Hoc|ARM.ActiveCfg = Release|ARM
		{F8D1E210-0D04-457D-9ECF-B23CEE9CF997}.Ad-Hoc|ARM.Build.0 = Release|ARM
		{F8D1E210-0D04-457D-9ECF-B23CEE9CF997}.Ad-Hoc|ARM.Deploy.0 = Release|ARM
		{F8D1E210-0D04-457D-9ECF-B23CEE9CF997}.Ad-Hoc|iPhone.ActiveCfg = Release|Any CPU
		{F8D1E210-0D04-457D-9ECF-B23CEE9CF997}.Ad-Hoc|iPhone.Build.0 = Release|Any CPU
		{F8D1E210-0D04-457D-9ECF-B23CEE9CF997}.Ad-Hoc|iPhone.Deploy.0 = Release|Any CPU
		{F8D1E210-0D04-457D-9ECF-B23CEE9CF997}.Ad-Hoc|iPhoneSimulator.ActiveCfg = Release|Any CPU
		{F8D1E210-0D04-457D-9ECF-B23CEE9CF997}.Ad-Hoc|iPhoneSimulator.Build.0 = Release|Any CPU
		{F8D1E210-0D04-457D-9ECF-B23CEE9CF997}.Ad-Hoc|iPhoneSimulator.Deploy.0 = Release|Any CPU
		{F8D1E210-0D04-457D-9ECF-B23CEE9CF997}.Ad-Hoc|x64.ActiveCfg = Release|x64
		{F8D1E210-0D04-457D-9ECF-B23CEE9CF997}.Ad-Hoc|x64.Build.0 = Release|x64
		{F8D1E210-0D04-457D-9ECF-B23CEE9CF997}.Ad-Hoc|x64.Deploy.0 = Release|x64
		{F8D1E210-0D04-457D-9ECF-B23CEE9CF997}.Ad-Hoc|x86.ActiveCfg = Release|x86
		{F8D1E210-0D04-457D-9ECF-B23CEE9CF997}.Ad-Hoc|x86.Build.0 = Release|x86
		{F8D1E210-0D04-457D-9ECF-B23CEE9CF997}.Ad-Hoc|x86.Deploy.0 = Release|x86
		{F8D1E210-0D04-457D-9ECF-B23CEE9CF997}.AppStore|Any CPU.ActiveCfg = Release|Any CPU
		{F8D1E210-0D04-457D-9ECF-B23CEE9CF997}.AppStore|Any CPU.Build.0 = Release|Any CPU
		{F8D1E210-0D04-457D-9ECF-B23CEE9CF997}.AppStore|Any CPU.Deploy.0 = Release|Any CPU
		{F8D1E210-0D04-457D-9ECF-B23CEE9CF997}.AppStore|ARM.ActiveCfg = Release|ARM
		{F8D1E210-0D04-457D-9ECF-B23CEE9CF997}.AppStore|ARM.Build.0 = Release|ARM
		{F8D1E210-0D04-457D-9ECF-B23CEE9CF997}.AppStore|ARM.Deploy.0 = Release|ARM
		{F8D1E210-0D04-457D-9ECF-B23CEE9CF997}.AppStore|iPhone.ActiveCfg = Release|Any CPU
		{F8D1E210-0D04-457D-9ECF-B23CEE9CF997}.AppStore|iPhone.Build.0 = Release|Any CPU
		{F8D1E210-0D04-457D-9ECF-B23CEE9CF997}.AppStore|iPhone.Deploy.0 = Release|Any CPU
		{F8D1E210-0D04-457D-9ECF-B23CEE9CF997}.AppStore|iPhoneSimulator.ActiveCfg = Release|Any CPU
		{F8D1E210-0D04-457D-9ECF-B23CEE9CF997}.AppStore|iPhoneSimulator.Build.0 = Release|Any CPU
		{F8D1E210-0D04-457D-9ECF-B23CEE9CF997}.AppStore|iPhoneSimulator.Deploy.0 = Release|Any CPU
		{F8D1E210-0D04-457D-9ECF-B23CEE9CF997}.AppStore|x64.ActiveCfg = Release|x64
		{F8D1E210-0D04-457D-9ECF-B23CEE9CF997}.AppStore|x64.Build.0 = Release|x64
		{F8D1E210-0D04-457D-9ECF-B23CEE9CF997}.AppStore|x64.Deploy.0 = Release|x64
		{F8D1E210-0D04-457D-9ECF-B23CEE9CF997}.AppStore|x86.ActiveCfg = Release|x86
		{F8D1E210-0D04-457D-9ECF-B23CEE9CF997}.AppStore|x86.Build.0 = Release|x86
		{F8D1E210-0D04-457D-9ECF-B23CEE9CF997}.AppStore|x86.Deploy.0 = Release|x86
		{F8D1E210-0D04-457D-9ECF-B23CEE9CF997}.Debug|Any CPU.ActiveCfg = Debug|Any CPU
		{F8D1E210-0D04-457D-9ECF-B23CEE9CF997}.Debug|Any CPU.Build.0 = Debug|Any CPU
		{F8D1E210-0D04-457D-9ECF-B23CEE9CF997}.Debug|Any CPU.Deploy.0 = Debug|Any CPU
		{F8D1E210-0D04-457D-9ECF-B23CEE9CF997}.Debug|ARM.ActiveCfg = Debug|ARM
		{F8D1E210-0D04-457D-9ECF-B23CEE9CF997}.Debug|ARM.Build.0 = Debug|ARM
		{F8D1E210-0D04-457D-9ECF-B23CEE9CF997}.Debug|ARM.Deploy.0 = Debug|ARM
		{F8D1E210-0D04-457D-9ECF-B23CEE9CF997}.Debug|iPhone.ActiveCfg = Debug|Any CPU
		{F8D1E210-0D04-457D-9ECF-B23CEE9CF997}.Debug|iPhone.Build.0 = Debug|Any CPU
		{F8D1E210-0D04-457D-9ECF-B23CEE9CF997}.Debug|iPhone.Deploy.0 = Debug|Any CPU
		{F8D1E210-0D04-457D-9ECF-B23CEE9CF997}.Debug|iPhoneSimulator.ActiveCfg = Debug|Any CPU
		{F8D1E210-0D04-457D-9ECF-B23CEE9CF997}.Debug|iPhoneSimulator.Build.0 = Debug|Any CPU
		{F8D1E210-0D04-457D-9ECF-B23CEE9CF997}.Debug|iPhoneSimulator.Deploy.0 = Debug|Any CPU
		{F8D1E210-0D04-457D-9ECF-B23CEE9CF997}.Debug|x64.ActiveCfg = Debug|x64
		{F8D1E210-0D04-457D-9ECF-B23CEE9CF997}.Debug|x64.Build.0 = Debug|x64
		{F8D1E210-0D04-457D-9ECF-B23CEE9CF997}.Debug|x64.Deploy.0 = Debug|x64
		{F8D1E210-0D04-457D-9ECF-B23CEE9CF997}.Debug|x86.ActiveCfg = Debug|x86
		{F8D1E210-0D04-457D-9ECF-B23CEE9CF997}.Debug|x86.Build.0 = Debug|x86
		{F8D1E210-0D04-457D-9ECF-B23CEE9CF997}.Debug|x86.Deploy.0 = Debug|x86
		{F8D1E210-0D04-457D-9ECF-B23CEE9CF997}.Release|Any CPU.ActiveCfg = Release|Any CPU
		{F8D1E210-0D04-457D-9ECF-B23CEE9CF997}.Release|Any CPU.Build.0 = Release|Any CPU
		{F8D1E210-0D04-457D-9ECF-B23CEE9CF997}.Release|Any CPU.Deploy.0 = Release|Any CPU
		{F8D1E210-0D04-457D-9ECF-B23CEE9CF997}.Release|ARM.ActiveCfg = Release|ARM
		{F8D1E210-0D04-457D-9ECF-B23CEE9CF997}.Release|ARM.Build.0 = Release|ARM
		{F8D1E210-0D04-457D-9ECF-B23CEE9CF997}.Release|ARM.Deploy.0 = Release|ARM
		{F8D1E210-0D04-457D-9ECF-B23CEE9CF997}.Release|iPhone.ActiveCfg = Release|Any CPU
		{F8D1E210-0D04-457D-9ECF-B23CEE9CF997}.Release|iPhone.Build.0 = Release|Any CPU
		{F8D1E210-0D04-457D-9ECF-B23CEE9CF997}.Release|iPhone.Deploy.0 = Release|Any CPU
		{F8D1E210-0D04-457D-9ECF-B23CEE9CF997}.Release|iPhoneSimulator.ActiveCfg = Release|Any CPU
		{F8D1E210-0D04-457D-9ECF-B23CEE9CF997}.Release|iPhoneSimulator.Build.0 = Release|Any CPU
		{F8D1E210-0D04-457D-9ECF-B23CEE9CF997}.Release|iPhoneSimulator.Deploy.0 = Release|Any CPU
		{F8D1E210-0D04-457D-9ECF-B23CEE9CF997}.Release|x64.ActiveCfg = Release|x64
		{F8D1E210-0D04-457D-9ECF-B23CEE9CF997}.Release|x64.Build.0 = Release|x64
		{F8D1E210-0D04-457D-9ECF-B23CEE9CF997}.Release|x64.Deploy.0 = Release|x64
		{F8D1E210-0D04-457D-9ECF-B23CEE9CF997}.Release|x86.ActiveCfg = Release|x86
		{F8D1E210-0D04-457D-9ECF-B23CEE9CF997}.Release|x86.Build.0 = Release|x86
		{F8D1E210-0D04-457D-9ECF-B23CEE9CF997}.Release|x86.Deploy.0 = Release|x86
		{1AAD8714-E428-4C52-9A54-0E444F95C85B}.Ad-Hoc|Any CPU.ActiveCfg = Release|Any CPU
		{1AAD8714-E428-4C52-9A54-0E444F95C85B}.Ad-Hoc|Any CPU.Build.0 = Release|Any CPU
		{1AAD8714-E428-4C52-9A54-0E444F95C85B}.Ad-Hoc|ARM.ActiveCfg = Release|Any CPU
		{1AAD8714-E428-4C52-9A54-0E444F95C85B}.Ad-Hoc|ARM.Build.0 = Release|Any CPU
		{1AAD8714-E428-4C52-9A54-0E444F95C85B}.Ad-Hoc|iPhone.ActiveCfg = Release|Any CPU
		{1AAD8714-E428-4C52-9A54-0E444F95C85B}.Ad-Hoc|iPhone.Build.0 = Release|Any CPU
		{1AAD8714-E428-4C52-9A54-0E444F95C85B}.Ad-Hoc|iPhoneSimulator.ActiveCfg = Release|Any CPU
		{1AAD8714-E428-4C52-9A54-0E444F95C85B}.Ad-Hoc|iPhoneSimulator.Build.0 = Release|Any CPU
		{1AAD8714-E428-4C52-9A54-0E444F95C85B}.Ad-Hoc|x64.ActiveCfg = Release|Any CPU
		{1AAD8714-E428-4C52-9A54-0E444F95C85B}.Ad-Hoc|x64.Build.0 = Release|Any CPU
		{1AAD8714-E428-4C52-9A54-0E444F95C85B}.Ad-Hoc|x86.ActiveCfg = Release|Any CPU
		{1AAD8714-E428-4C52-9A54-0E444F95C85B}.Ad-Hoc|x86.Build.0 = Release|Any CPU
		{1AAD8714-E428-4C52-9A54-0E444F95C85B}.AppStore|Any CPU.ActiveCfg = Release|Any CPU
		{1AAD8714-E428-4C52-9A54-0E444F95C85B}.AppStore|Any CPU.Build.0 = Release|Any CPU
		{1AAD8714-E428-4C52-9A54-0E444F95C85B}.AppStore|ARM.ActiveCfg = Release|Any CPU
		{1AAD8714-E428-4C52-9A54-0E444F95C85B}.AppStore|ARM.Build.0 = Release|Any CPU
		{1AAD8714-E428-4C52-9A54-0E444F95C85B}.AppStore|iPhone.ActiveCfg = Release|Any CPU
		{1AAD8714-E428-4C52-9A54-0E444F95C85B}.AppStore|iPhone.Build.0 = Release|Any CPU
		{1AAD8714-E428-4C52-9A54-0E444F95C85B}.AppStore|iPhoneSimulator.ActiveCfg = Release|Any CPU
		{1AAD8714-E428-4C52-9A54-0E444F95C85B}.AppStore|iPhoneSimulator.Build.0 = Release|Any CPU
		{1AAD8714-E428-4C52-9A54-0E444F95C85B}.AppStore|x64.ActiveCfg = Release|Any CPU
		{1AAD8714-E428-4C52-9A54-0E444F95C85B}.AppStore|x64.Build.0 = Release|Any CPU
		{1AAD8714-E428-4C52-9A54-0E444F95C85B}.AppStore|x86.ActiveCfg = Release|Any CPU
		{1AAD8714-E428-4C52-9A54-0E444F95C85B}.AppStore|x86.Build.0 = Release|Any CPU
		{1AAD8714-E428-4C52-9A54-0E444F95C85B}.Debug|Any CPU.ActiveCfg = Debug|Any CPU
		{1AAD8714-E428-4C52-9A54-0E444F95C85B}.Debug|Any CPU.Build.0 = Debug|Any CPU
		{1AAD8714-E428-4C52-9A54-0E444F95C85B}.Debug|ARM.ActiveCfg = Debug|Any CPU
		{1AAD8714-E428-4C52-9A54-0E444F95C85B}.Debug|ARM.Build.0 = Debug|Any CPU
		{1AAD8714-E428-4C52-9A54-0E444F95C85B}.Debug|iPhone.ActiveCfg = Debug|Any CPU
		{1AAD8714-E428-4C52-9A54-0E444F95C85B}.Debug|iPhone.Build.0 = Debug|Any CPU
		{1AAD8714-E428-4C52-9A54-0E444F95C85B}.Debug|iPhoneSimulator.ActiveCfg = Debug|Any CPU
		{1AAD8714-E428-4C52-9A54-0E444F95C85B}.Debug|iPhoneSimulator.Build.0 = Debug|Any CPU
		{1AAD8714-E428-4C52-9A54-0E444F95C85B}.Debug|x64.ActiveCfg = Debug|Any CPU
		{1AAD8714-E428-4C52-9A54-0E444F95C85B}.Debug|x64.Build.0 = Debug|Any CPU
		{1AAD8714-E428-4C52-9A54-0E444F95C85B}.Debug|x86.ActiveCfg = Debug|Any CPU
		{1AAD8714-E428-4C52-9A54-0E444F95C85B}.Debug|x86.Build.0 = Debug|Any CPU
		{1AAD8714-E428-4C52-9A54-0E444F95C85B}.Release|Any CPU.ActiveCfg = Release|Any CPU
		{1AAD8714-E428-4C52-9A54-0E444F95C85B}.Release|Any CPU.Build.0 = Release|Any CPU
		{1AAD8714-E428-4C52-9A54-0E444F95C85B}.Release|ARM.ActiveCfg = Release|Any CPU
		{1AAD8714-E428-4C52-9A54-0E444F95C85B}.Release|ARM.Build.0 = Release|Any CPU
		{1AAD8714-E428-4C52-9A54-0E444F95C85B}.Release|iPhone.ActiveCfg = Release|Any CPU
		{1AAD8714-E428-4C52-9A54-0E444F95C85B}.Release|iPhone.Build.0 = Release|Any CPU
		{1AAD8714-E428-4C52-9A54-0E444F95C85B}.Release|iPhoneSimulator.ActiveCfg = Release|Any CPU
		{1AAD8714-E428-4C52-9A54-0E444F95C85B}.Release|iPhoneSimulator.Build.0 = Release|Any CPU
		{1AAD8714-E428-4C52-9A54-0E444F95C85B}.Release|x64.ActiveCfg = Release|Any CPU
		{1AAD8714-E428-4C52-9A54-0E444F95C85B}.Release|x64.Build.0 = Release|Any CPU
		{1AAD8714-E428-4C52-9A54-0E444F95C85B}.Release|x86.ActiveCfg = Release|Any CPU
		{1AAD8714-E428-4C52-9A54-0E444F95C85B}.Release|x86.Build.0 = Release|Any CPU
	EndGlobalSection
	GlobalSection(SolutionProperties) = preSolution
		HideSolutionNode = FALSE
	EndGlobalSection
EndGlobal
